
Microsoft Visual Studio Solution File, Format Version 12.00
# Visual Studio Version 17
VisualStudioVersion = 17.14.36203.30
MinimumVisualStudioVersion = 10.0.40219.1
Project("{FAE04EC0-301F-11D3-BF4B-00C04F79EFBC}") = "GFCafe", "GFCafe.csproj", "{033D6A6A-BA9E-4F30-9964-5239DE3B1B31}"
EndProject
Global
	GlobalSection(SolutionConfigurationPlatforms) = preSolution
		Debug|Any CPU = Debug|Any CPU
		Release|Any CPU = Release|Any CPU
	EndGlobalSection
	GlobalSection(ProjectConfigurationPlatforms) = postSolution
		{033D6A6A-BA9E-4F30-9964-5239DE3B1B31}.Debug|Any CPU.ActiveCfg = Debug|Any CPU
		{033D6A6A-BA9E-4F30-9964-5239DE3B1B31}.Debug|Any CPU.Build.0 = Debug|Any CPU
		{033D6A6A-BA9E-4F30-9964-5239DE3B1B31}.Release|Any CPU.ActiveCfg = Release|Any CPU
		{033D6A6A-BA9E-4F30-9964-5239DE3B1B31}.Release|Any CPU.Build.0 = Release|Any CPU
	EndGlobalSection
	GlobalSection(SolutionProperties) = preSolution
		HideSolutionNode = FALSE
	EndGlobalSection
	GlobalSection(ExtensibilityGlobals) = postSolution
		SolutionGuid = {0E6B1249-AAD1-48E3-9867-C529B0AA9480}
	EndGlobalSection
EndGlobal
